
Microsoft Visual Studio Solution File, Format Version 12.00
# Visual Studio Version 16
VisualStudioVersion = 16.0.31613.86
MinimumVisualStudioVersion = 10.0.40219.1
Project("{FAE04EC0-301F-11D3-BF4B-00C04F79EFBC}") = "ConsistentSaberColors", "ConsistentSaberColors\ConsistentSaberColors.csproj", "{C37BD8AA-44FB-4277-80E8-10562745928A}"
EndProject
Global
	GlobalSection(SolutionConfigurationPlatforms) = preSolution
		Debug|Any CPU = Debug|Any CPU
		Release|Any CPU = Release|Any CPU
	EndGlobalSection
	GlobalSection(ProjectConfigurationPlatforms) = postSolution
		{C37BD8AA-44FB-4277-80E8-10562745928A}.Debug|Any CPU.ActiveCfg = Debug|Any CPU
		{C37BD8AA-44FB-4277-80E8-10562745928A}.Debug|Any CPU.Build.0 = Debug|Any CPU
		{C37BD8AA-44FB-4277-80E8-10562745928A}.Release|Any CPU.ActiveCfg = Release|Any CPU
		{C37BD8AA-44FB-4277-80E8-10562745928A}.Release|Any CPU.Build.0 = Release|Any CPU
	EndGlobalSection
	GlobalSection(SolutionProperties) = preSolution
		HideSolutionNode = FALSE
	EndGlobalSection
	GlobalSection(ExtensibilityGlobals) = postSolution
		SolutionGuid = {231A0476-F164-42AA-9305-9BECB62D3FA7}
	EndGlobalSection
EndGlobal
